// !$*UTF8*$!
{
	archiveVersion = 1;
	classes = {
	};
	objectVersion = 55;
	objects = {

/* Begin PBXBuildFile section */
		09107D9328B018C30042FBB3 /* AppDelegate.swift in Sources */ = {isa = PBXBuildFile; fileRef = 09107D9228B018C30042FBB3 /* AppDelegate.swift */; };
		09107D9528B018C30042FBB3 /* SceneDelegate.swift in Sources */ = {isa = PBXBuildFile; fileRef = 09107D9428B018C30042FBB3 /* SceneDelegate.swift */; };
		09107D9728B018C30042FBB3 /* MainTabBarViewController.swift in Sources */ = {isa = PBXBuildFile; fileRef = 09107D9628B018C30042FBB3 /* MainTabBarViewController.swift */; };
		09107D9C28B018C50042FBB3 /* Assets.xcassets in Resources */ = {isa = PBXBuildFile; fileRef = 09107D9B28B018C50042FBB3 /* Assets.xcassets */; };
		09107D9F28B018C50042FBB3 /* LaunchScreen.storyboard in Resources */ = {isa = PBXBuildFile; fileRef = 09107D9D28B018C50042FBB3 /* LaunchScreen.storyboard */; };
		0978296628B01BDA00593451 /* HomeViewController.swift in Sources */ = {isa = PBXBuildFile; fileRef = 0978296528B01BDA00593451 /* HomeViewController.swift */; };
		0978296828B01C0400593451 /* UpcommingViewController.swift in Sources */ = {isa = PBXBuildFile; fileRef = 0978296728B01C0400593451 /* UpcommingViewController.swift */; };
		0978296A28B01C3100593451 /* SearchViewController.swift in Sources */ = {isa = PBXBuildFile; fileRef = 0978296928B01C3100593451 /* SearchViewController.swift */; };
		0978296C28B01C4C00593451 /* DownloadViewController.swift in Sources */ = {isa = PBXBuildFile; fileRef = 0978296B28B01C4C00593451 /* DownloadViewController.swift */; };
		0978297328B021C900593451 /* CollectionViewTableViewCell.swift in Sources */ = {isa = PBXBuildFile; fileRef = 0978297228B021C900593451 /* CollectionViewTableViewCell.swift */; };
		0978297628B022A600593451 /* ReuseableView.swift in Sources */ = {isa = PBXBuildFile; fileRef = 0978297528B022A600593451 /* ReuseableView.swift */; };
		0978297928B0233800593451 /* UITableView+.swift in Sources */ = {isa = PBXBuildFile; fileRef = 0978297828B0233800593451 /* UITableView+.swift */; };
		0978297B28B0261700593451 /* UICollectionView+.swift in Sources */ = {isa = PBXBuildFile; fileRef = 0978297A28B0261700593451 /* UICollectionView+.swift */; };
		0978297D28B26A0300593451 /* HeroHeaderUIView.swift in Sources */ = {isa = PBXBuildFile; fileRef = 0978297C28B26A0300593451 /* HeroHeaderUIView.swift */; };
		09933EFE28B3DFE70081B770 /* APICaller.swift in Sources */ = {isa = PBXBuildFile; fileRef = 09933EFD28B3DFE70081B770 /* APICaller.swift */; };
		09933F0828B3FA6E0081B770 /* APILoader.swift in Sources */ = {isa = PBXBuildFile; fileRef = 09933F0728B3FA6E0081B770 /* APILoader.swift */; };
		09933F0A28B3FAD30081B770 /* ServiceConstants.swift in Sources */ = {isa = PBXBuildFile; fileRef = 09933F0928B3FAD30081B770 /* ServiceConstants.swift */; };
		09933F0C28B3FB190081B770 /* SharedData.swift in Sources */ = {isa = PBXBuildFile; fileRef = 09933F0B28B3FB190081B770 /* SharedData.swift */; };
		09933F0E28B3FB4C0081B770 /* AppHelper.swift in Sources */ = {isa = PBXBuildFile; fileRef = 09933F0D28B3FB4C0081B770 /* AppHelper.swift */; };
		09933F1028B3FB830081B770 /* Reachability.swift in Sources */ = {isa = PBXBuildFile; fileRef = 09933F0F28B3FB830081B770 /* Reachability.swift */; };
/* End PBXBuildFile section */

/* Begin PBXFileReference section */
		09107D8F28B018C30042FBB3 /* Netflix Clone.app */ = {isa = PBXFileReference; explicitFileType = wrapper.application; includeInIndex = 0; path = "Netflix Clone.app"; sourceTree = BUILT_PRODUCTS_DIR; };
		09107D9228B018C30042FBB3 /* AppDelegate.swift */ = {isa = PBXFileReference; lastKnownFileType = sourcecode.swift; path = AppDelegate.swift; sourceTree = "<group>"; };
		09107D9428B018C30042FBB3 /* SceneDelegate.swift */ = {isa = PBXFileReference; lastKnownFileType = sourcecode.swift; path = SceneDelegate.swift; sourceTree = "<group>"; };
		09107D9628B018C30042FBB3 /* MainTabBarViewController.swift */ = {isa = PBXFileReference; lastKnownFileType = sourcecode.swift; path = MainTabBarViewController.swift; sourceTree = "<group>"; };
		09107D9B28B018C50042FBB3 /* Assets.xcassets */ = {isa = PBXFileReference; lastKnownFileType = folder.assetcatalog; path = Assets.xcassets; sourceTree = "<group>"; };
		09107D9E28B018C50042FBB3 /* Base */ = {isa = PBXFileReference; lastKnownFileType = file.storyboard; name = Base; path = Base.lproj/LaunchScreen.storyboard; sourceTree = "<group>"; };
		09107DA028B018C50042FBB3 /* Info.plist */ = {isa = PBXFileReference; lastKnownFileType = text.plist.xml; path = Info.plist; sourceTree = "<group>"; };
		0978296528B01BDA00593451 /* HomeViewController.swift */ = {isa = PBXFileReference; lastKnownFileType = sourcecode.swift; path = HomeViewController.swift; sourceTree = "<group>"; };
		0978296728B01C0400593451 /* UpcommingViewController.swift */ = {isa = PBXFileReference; lastKnownFileType = sourcecode.swift; path = UpcommingViewController.swift; sourceTree = "<group>"; };
		0978296928B01C3100593451 /* SearchViewController.swift */ = {isa = PBXFileReference; lastKnownFileType = sourcecode.swift; path = SearchViewController.swift; sourceTree = "<group>"; };
		0978296B28B01C4C00593451 /* DownloadViewController.swift */ = {isa = PBXFileReference; lastKnownFileType = sourcecode.swift; path = DownloadViewController.swift; sourceTree = "<group>"; };
		0978297228B021C900593451 /* CollectionViewTableViewCell.swift */ = {isa = PBXFileReference; lastKnownFileType = sourcecode.swift; path = CollectionViewTableViewCell.swift; sourceTree = "<group>"; };
		0978297528B022A600593451 /* ReuseableView.swift */ = {isa = PBXFileReference; lastKnownFileType = sourcecode.swift; path = ReuseableView.swift; sourceTree = "<group>"; };
		0978297828B0233800593451 /* UITableView+.swift */ = {isa = PBXFileReference; lastKnownFileType = sourcecode.swift; path = "UITableView+.swift"; sourceTree = "<group>"; };
		0978297A28B0261700593451 /* UICollectionView+.swift */ = {isa = PBXFileReference; lastKnownFileType = sourcecode.swift; path = "UICollectionView+.swift"; sourceTree = "<group>"; };
		0978297C28B26A0300593451 /* HeroHeaderUIView.swift */ = {isa = PBXFileReference; lastKnownFileType = sourcecode.swift; path = HeroHeaderUIView.swift; sourceTree = "<group>"; };
		09933EFD28B3DFE70081B770 /* APICaller.swift */ = {isa = PBXFileReference; lastKnownFileType = sourcecode.swift; path = APICaller.swift; sourceTree = "<group>"; };
		09933F0728B3FA6E0081B770 /* APILoader.swift */ = {isa = PBXFileReference; lastKnownFileType = sourcecode.swift; path = APILoader.swift; sourceTree = "<group>"; };
		09933F0928B3FAD30081B770 /* ServiceConstants.swift */ = {isa = PBXFileReference; lastKnownFileType = sourcecode.swift; path = ServiceConstants.swift; sourceTree = "<group>"; };
		09933F0B28B3FB190081B770 /* SharedData.swift */ = {isa = PBXFileReference; lastKnownFileType = sourcecode.swift; path = SharedData.swift; sourceTree = "<group>"; };
		09933F0D28B3FB4C0081B770 /* AppHelper.swift */ = {isa = PBXFileReference; lastKnownFileType = sourcecode.swift; path = AppHelper.swift; sourceTree = "<group>"; };
		09933F0F28B3FB830081B770 /* Reachability.swift */ = {isa = PBXFileReference; lastKnownFileType = sourcecode.swift; path = Reachability.swift; sourceTree = "<group>"; };
/* End PBXFileReference section */

/* Begin PBXFrameworksBuildPhase section */
		09107D8C28B018C30042FBB3 /* Frameworks */ = {
			isa = PBXFrameworksBuildPhase;
			buildActionMask = 2147483647;
			files = (
			);
			runOnlyForDeploymentPostprocessing = 0;
		};
/* End PBXFrameworksBuildPhase section */

/* Begin PBXGroup section */
		09107D8628B018C30042FBB3 = {
			isa = PBXGroup;
			children = (
				09107D9128B018C30042FBB3 /* Netflix Clone */,
				09107D9028B018C30042FBB3 /* Products */,
			);
			sourceTree = "<group>";
		};
		09107D9028B018C30042FBB3 /* Products */ = {
			isa = PBXGroup;
			children = (
				09107D8F28B018C30042FBB3 /* Netflix Clone.app */,
			);
			name = Products;
			sourceTree = "<group>";
		};
		09107D9128B018C30042FBB3 /* Netflix Clone */ = {
			isa = PBXGroup;
			children = (
				0978297728B0231A00593451 /* Extension */,
				0978297428B0222000593451 /* Protocols */,
				0978297128B0218300593451 /* Managers */,
				0978297028B0217B00593451 /* Resources */,
				0978296F28B0214300593451 /* Models */,
				0978296E28B0213D00593451 /* ViewModels */,
				0978296D28B0213600593451 /* Views */,
				0978296428B01BAF00593451 /* Controllers */,
				09107D9228B018C30042FBB3 /* AppDelegate.swift */,
				09107D9428B018C30042FBB3 /* SceneDelegate.swift */,
				09107D9628B018C30042FBB3 /* MainTabBarViewController.swift */,
				09107D9B28B018C50042FBB3 /* Assets.xcassets */,
				09107D9D28B018C50042FBB3 /* LaunchScreen.storyboard */,
				09107DA028B018C50042FBB3 /* Info.plist */,
			);
			path = "Netflix Clone";
			sourceTree = "<group>";
		};
		0978296428B01BAF00593451 /* Controllers */ = {
			isa = PBXGroup;
			children = (
				0978296528B01BDA00593451 /* HomeViewController.swift */,
				0978296728B01C0400593451 /* UpcommingViewController.swift */,
				0978296928B01C3100593451 /* SearchViewController.swift */,
				0978296B28B01C4C00593451 /* DownloadViewController.swift */,
			);
			path = Controllers;
			sourceTree = "<group>";
		};
		0978296D28B0213600593451 /* Views */ = {
			isa = PBXGroup;
			children = (
				0978297228B021C900593451 /* CollectionViewTableViewCell.swift */,
				0978297C28B26A0300593451 /* HeroHeaderUIView.swift */,
			);
			path = Views;
			sourceTree = "<group>";
		};
		0978296E28B0213D00593451 /* ViewModels */ = {
			isa = PBXGroup;
			children = (
			);
			path = ViewModels;
			sourceTree = "<group>";
		};
		0978296F28B0214300593451 /* Models */ = {
			isa = PBXGroup;
			children = (
			);
			path = Models;
			sourceTree = "<group>";
		};
		0978297028B0217B00593451 /* Resources */ = {
			isa = PBXGroup;
			children = (
			);
			path = Resources;
			sourceTree = "<group>";
		};
		0978297128B0218300593451 /* Managers */ = {
			isa = PBXGroup;
			children = (
				09933EFF28B3E1F70081B770 /* NetworkLayer */,
			);
			path = Managers;
			sourceTree = "<group>";
		};
		0978297428B0222000593451 /* Protocols */ = {
			isa = PBXGroup;
			children = (
				0978297528B022A600593451 /* ReuseableView.swift */,
			);
			path = Protocols;
			sourceTree = "<group>";
		};
		0978297728B0231A00593451 /* Extension */ = {
			isa = PBXGroup;
			children = (
				0978297828B0233800593451 /* UITableView+.swift */,
				0978297A28B0261700593451 /* UICollectionView+.swift */,
			);
			path = Extension;
			sourceTree = "<group>";
		};
		09933EFF28B3E1F70081B770 /* NetworkLayer */ = {
			isa = PBXGroup;
			children = (
				09933EFD28B3DFE70081B770 /* APICaller.swift */,
				09933F0728B3FA6E0081B770 /* APILoader.swift */,
				09933F0928B3FAD30081B770 /* ServiceConstants.swift */,
				09933F0B28B3FB190081B770 /* SharedData.swift */,
				09933F0D28B3FB4C0081B770 /* AppHelper.swift */,
				09933F0F28B3FB830081B770 /* Reachability.swift */,
			);
			path = NetworkLayer;
			sourceTree = "<group>";
		};
/* End PBXGroup section */

/* Begin PBXNativeTarget section */
		09107D8E28B018C30042FBB3 /* Netflix Clone */ = {
			isa = PBXNativeTarget;
			buildConfigurationList = 09107DA328B018C50042FBB3 /* Build configuration list for PBXNativeTarget "Netflix Clone" */;
			buildPhases = (
				09107D8B28B018C30042FBB3 /* Sources */,
				09107D8C28B018C30042FBB3 /* Frameworks */,
				09107D8D28B018C30042FBB3 /* Resources */,
			);
			buildRules = (
			);
			dependencies = (
			);
			name = "Netflix Clone";
			productName = "Netflix Clone";
			productReference = 09107D8F28B018C30042FBB3 /* Netflix Clone.app */;
			productType = "com.apple.product-type.application";
		};
/* End PBXNativeTarget section */

/* Begin PBXProject section */
		09107D8728B018C30042FBB3 /* Project object */ = {
			isa = PBXProject;
			attributes = {
				BuildIndependentTargetsInParallel = 1;
				LastSwiftUpdateCheck = 1340;
				LastUpgradeCheck = 1340;
				TargetAttributes = {
					09107D8E28B018C30042FBB3 = {
						CreatedOnToolsVersion = 13.4.1;
					};
				};
			};
			buildConfigurationList = 09107D8A28B018C30042FBB3 /* Build configuration list for PBXProject "Netflix Clone" */;
			compatibilityVersion = "Xcode 13.0";
			developmentRegion = en;
			hasScannedForEncodings = 0;
			knownRegions = (
				en,
				Base,
			);
			mainGroup = 09107D8628B018C30042FBB3;
			productRefGroup = 09107D9028B018C30042FBB3 /* Products */;
			projectDirPath = "";
			projectRoot = "";
			targets = (
				09107D8E28B018C30042FBB3 /* Netflix Clone */,
			);
		};
/* End PBXProject section */

/* Begin PBXResourcesBuildPhase section */
		09107D8D28B018C30042FBB3 /* Resources */ = {
			isa = PBXResourcesBuildPhase;
			buildActionMask = 2147483647;
			files = (
				09107D9F28B018C50042FBB3 /* LaunchScreen.storyboard in Resources */,
				09107D9C28B018C50042FBB3 /* Assets.xcassets in Resources */,
			);
			runOnlyForDeploymentPostprocessing = 0;
		};
/* End PBXResourcesBuildPhase section */

/* Begin PBXSourcesBuildPhase section */
		09107D8B28B018C30042FBB3 /* Sources */ = {
			isa = PBXSourcesBuildPhase;
			buildActionMask = 2147483647;
			files = (
				0978296A28B01C3100593451 /* SearchViewController.swift in Sources */,
				09107D9728B018C30042FBB3 /* MainTabBarViewController.swift in Sources */,
				09933EFE28B3DFE70081B770 /* APICaller.swift in Sources */,
				09933F0A28B3FAD30081B770 /* ServiceConstants.swift in Sources */,
				0978297B28B0261700593451 /* UICollectionView+.swift in Sources */,
				0978297328B021C900593451 /* CollectionViewTableViewCell.swift in Sources */,
				0978297928B0233800593451 /* UITableView+.swift in Sources */,
				09107D9328B018C30042FBB3 /* AppDelegate.swift in Sources */,
				0978296C28B01C4C00593451 /* DownloadViewController.swift in Sources */,
				0978296828B01C0400593451 /* UpcommingViewController.swift in Sources */,
				09933F0828B3FA6E0081B770 /* APILoader.swift in Sources */,
				09107D9528B018C30042FBB3 /* SceneDelegate.swift in Sources */,
				09933F0C28B3FB190081B770 /* SharedData.swift in Sources */,
				0978297D28B26A0300593451 /* HeroHeaderUIView.swift in Sources */,
				09933F1028B3FB830081B770 /* Reachability.swift in Sources */,
				09933F0E28B3FB4C0081B770 /* AppHelper.swift in Sources */,
				0978297628B022A600593451 /* ReuseableView.swift in Sources */,
				0978296628B01BDA00593451 /* HomeViewController.swift in Sources */,
			);
			runOnlyForDeploymentPostprocessing = 0;
		};
/* End PBXSourcesBuildPhase section */

/* Begin PBXVariantGroup section */
		09107D9D28B018C50042FBB3 /* LaunchScreen.storyboard */ = {
			isa = PBXVariantGroup;
			children = (
				09107D9E28B018C50042FBB3 /* Base */,
			);
			name = LaunchScreen.storyboard;
			sourceTree = "<group>";
		};
/* End PBXVariantGroup section */

/* Begin XCBuildConfiguration section */
		09107DA128B018C50042FBB3 /* Debug */ = {
			isa = XCBuildConfiguration;
			buildSettings = {
				ALWAYS_SEARCH_USER_PATHS = NO;
				CLANG_ANALYZER_NONNULL = YES;
				CLANG_ANALYZER_NUMBER_OBJECT_CONVERSION = YES_AGGRESSIVE;
				CLANG_CXX_LANGUAGE_STANDARD = "gnu++17";
				CLANG_ENABLE_MODULES = YES;
				CLANG_ENABLE_OBJC_ARC = YES;
				CLANG_ENABLE_OBJC_WEAK = YES;
				CLANG_WARN_BLOCK_CAPTURE_AUTORELEASING = YES;
				CLANG_WARN_BOOL_CONVERSION = YES;
				CLANG_WARN_COMMA = YES;
				CLANG_WARN_CONSTANT_CONVERSION = YES;
				CLANG_WARN_DEPRECATED_OBJC_IMPLEMENTATIONS = YES;
				CLANG_WARN_DIRECT_OBJC_ISA_USAGE = YES_ERROR;
				CLANG_WARN_DOCUMENTATION_COMMENTS = YES;
				CLANG_WARN_EMPTY_BODY = YES;
				CLANG_WARN_ENUM_CONVERSION = YES;
				CLANG_WARN_INFINITE_RECURSION = YES;
				CLANG_WARN_INT_CONVERSION = YES;
				CLANG_WARN_NON_LITERAL_NULL_CONVERSION = YES;
				CLANG_WARN_OBJC_IMPLICIT_RETAIN_SELF = YES;
				CLANG_WARN_OBJC_LITERAL_CONVERSION = YES;
				CLANG_WARN_OBJC_ROOT_CLASS = YES_ERROR;
				CLANG_WARN_QUOTED_INCLUDE_IN_FRAMEWORK_HEADER = YES;
				CLANG_WARN_RANGE_LOOP_ANALYSIS = YES;
				CLANG_WARN_STRICT_PROTOTYPES = YES;
				CLANG_WARN_SUSPICIOUS_MOVE = YES;
				CLANG_WARN_UNGUARDED_AVAILABILITY = YES_AGGRESSIVE;
				CLANG_WARN_UNREACHABLE_CODE = YES;
				CLANG_WARN__DUPLICATE_METHOD_MATCH = YES;
				COPY_PHASE_STRIP = NO;
				DEBUG_INFORMATION_FORMAT = dwarf;
				ENABLE_STRICT_OBJC_MSGSEND = YES;
				ENABLE_TESTABILITY = YES;
				GCC_C_LANGUAGE_STANDARD = gnu11;
				GCC_DYNAMIC_NO_PIC = NO;
				GCC_NO_COMMON_BLOCKS = YES;
				GCC_OPTIMIZATION_LEVEL = 0;
				GCC_PREPROCESSOR_DEFINITIONS = (
					"DEBUG=1",
					"$(inherited)",
				);
				GCC_WARN_64_TO_32_BIT_CONVERSION = YES;
				GCC_WARN_ABOUT_RETURN_TYPE = YES_ERROR;
				GCC_WARN_UNDECLARED_SELECTOR = YES;
				GCC_WARN_UNINITIALIZED_AUTOS = YES_AGGRESSIVE;
				GCC_WARN_UNUSED_FUNCTION = YES;
				GCC_WARN_UNUSED_VARIABLE = YES;
				IPHONEOS_DEPLOYMENT_TARGET = 15.5;
				MTL_ENABLE_DEBUG_INFO = INCLUDE_SOURCE;
				MTL_FAST_MATH = YES;
				ONLY_ACTIVE_ARCH = YES;
				SDKROOT = iphoneos;
				SWIFT_ACTIVE_COMPILATION_CONDITIONS = DEBUG;
				SWIFT_OPTIMIZATION_LEVEL = "-Onone";
			};
			name = Debug;
		};
		09107DA228B018C50042FBB3 /* Release */ = {
			isa = XCBuildConfiguration;
			buildSettings = {
				ALWAYS_SEARCH_USER_PATHS = NO;
				CLANG_ANALYZER_NONNULL = YES;
				CLANG_ANALYZER_NUMBER_OBJECT_CONVERSION = YES_AGGRESSIVE;
				CLANG_CXX_LANGUAGE_STANDARD = "gnu++17";
				CLANG_ENABLE_MODULES = YES;
				CLANG_ENABLE_OBJC_ARC = YES;
				CLANG_ENABLE_OBJC_WEAK = YES;
				CLANG_WARN_BLOCK_CAPTURE_AUTORELEASING = YES;
				CLANG_WARN_BOOL_CONVERSION = YES;
				CLANG_WARN_COMMA = YES;
				CLANG_WARN_CONSTANT_CONVERSION = YES;
				CLANG_WARN_DEPRECATED_OBJC_IMPLEMENTATIONS = YES;
				CLANG_WARN_DIRECT_OBJC_ISA_USAGE = YES_ERROR;
				CLANG_WARN_DOCUMENTATION_COMMENTS = YES;
				CLANG_WARN_EMPTY_BODY = YES;
				CLANG_WARN_ENUM_CONVERSION = YES;
				CLANG_WARN_INFINITE_RECURSION = YES;
				CLANG_WARN_INT_CONVERSION = YES;
				CLANG_WARN_NON_LITERAL_NULL_CONVERSION = YES;
				CLANG_WARN_OBJC_IMPLICIT_RETAIN_SELF = YES;
				CLANG_WARN_OBJC_LITERAL_CONVERSION = YES;
				CLANG_WARN_OBJC_ROOT_CLASS = YES_ERROR;
				CLANG_WARN_QUOTED_INCLUDE_IN_FRAMEWORK_HEADER = YES;
				CLANG_WARN_RANGE_LOOP_ANALYSIS = YES;
				CLANG_WARN_STRICT_PROTOTYPES = YES;
				CLANG_WARN_SUSPICIOUS_MOVE = YES;
				CLANG_WARN_UNGUARDED_AVAILABILITY = YES_AGGRESSIVE;
				CLANG_WARN_UNREACHABLE_CODE = YES;
				CLANG_WARN__DUPLICATE_METHOD_MATCH = YES;
				COPY_PHASE_STRIP = NO;
				DEBUG_INFORMATION_FORMAT = "dwarf-with-dsym";
				ENABLE_NS_ASSERTIONS = NO;
				ENABLE_STRICT_OBJC_MSGSEND = YES;
				GCC_C_LANGUAGE_STANDARD = gnu11;
				GCC_NO_COMMON_BLOCKS = YES;
				GCC_WARN_64_TO_32_BIT_CONVERSION = YES;
				GCC_WARN_ABOUT_RETURN_TYPE = YES_ERROR;
				GCC_WARN_UNDECLARED_SELECTOR = YES;
				GCC_WARN_UNINITIALIZED_AUTOS = YES_AGGRESSIVE;
				GCC_WARN_UNUSED_FUNCTION = YES;
				GCC_WARN_UNUSED_VARIABLE = YES;
				IPHONEOS_DEPLOYMENT_TARGET = 15.5;
				MTL_ENABLE_DEBUG_INFO = NO;
				MTL_FAST_MATH = YES;
				SDKROOT = iphoneos;
				SWIFT_COMPILATION_MODE = wholemodule;
				SWIFT_OPTIMIZATION_LEVEL = "-O";
				VALIDATE_PRODUCT = YES;
			};
			name = Release;
		};
		09107DA428B018C50042FBB3 /* Debug */ = {
			isa = XCBuildConfiguration;
			buildSettings = {
				ASSETCATALOG_COMPILER_APPICON_NAME = AppIcon;
				ASSETCATALOG_COMPILER_GLOBAL_ACCENT_COLOR_NAME = AccentColor;
				CODE_SIGN_STYLE = Automatic;
				CURRENT_PROJECT_VERSION = 1;
				GENERATE_INFOPLIST_FILE = YES;
				INFOPLIST_FILE = "Netflix Clone/Info.plist";
				INFOPLIST_KEY_UIApplicationSupportsIndirectInputEvents = YES;
				INFOPLIST_KEY_UILaunchStoryboardName = LaunchScreen;
				INFOPLIST_KEY_UIMainStoryboardFile = "";
				INFOPLIST_KEY_UISupportedInterfaceOrientations_iPad = "UIInterfaceOrientationPortrait UIInterfaceOrientationPortraitUpsideDown UIInterfaceOrientationLandscapeLeft UIInterfaceOrientationLandscapeRight";
				INFOPLIST_KEY_UISupportedInterfaceOrientations_iPhone = "UIInterfaceOrientationPortrait UIInterfaceOrientationLandscapeLeft UIInterfaceOrientationLandscapeRight";
				LD_RUNPATH_SEARCH_PATHS = (
					"$(inherited)",
					"@executable_path/Frameworks",
				);
				MARKETING_VERSION = 1.0;
				PRODUCT_BUNDLE_IDENTIFIER = "demoapp.Netflix-Clone";
				PRODUCT_NAME = "$(TARGET_NAME)";
				SWIFT_EMIT_LOC_STRINGS = YES;
				SWIFT_VERSION = 5.0;
				TARGETED_DEVICE_FAMILY = "1,2";
			};
			name = Debug;
		};
		09107DA528B018C50042FBB3 /* Release */ = {
			isa = XCBuildConfiguration;
			buildSettings = {
				ASSETCATALOG_COMPILER_APPICON_NAME = AppIcon;
				ASSETCATALOG_COMPILER_GLOBAL_ACCENT_COLOR_NAME = AccentColor;
				CODE_SIGN_STYLE = Automatic;
				CURRENT_PROJECT_VERSION = 1;
				GENERATE_INFOPLIST_FILE = YES;
				INFOPLIST_FILE = "Netflix Clone/Info.plist";
				INFOPLIST_KEY_UIApplicationSupportsIndirectInputEvents = YES;
				INFOPLIST_KEY_UILaunchStoryboardName = LaunchScreen;
				INFOPLIST_KEY_UIMainStoryboardFile = "";
				INFOPLIST_KEY_UISupportedInterfaceOrientations_iPad = "UIInterfaceOrientationPortrait UIInterfaceOrientationPortraitUpsideDown UIInterfaceOrientationLandscapeLeft UIInterfaceOrientationLandscapeRight";
				INFOPLIST_KEY_UISupportedInterfaceOrientations_iPhone = "UIInterfaceOrientationPortrait UIInterfaceOrientationLandscapeLeft UIInterfaceOrientationLandscapeRight";
				LD_RUNPATH_SEARCH_PATHS = (
					"$(inherited)",
					"@executable_path/Frameworks",
				);
				MARKETING_VERSION = 1.0;
				PRODUCT_BUNDLE_IDENTIFIER = "demoapp.Netflix-Clone";
				PRODUCT_NAME = "$(TARGET_NAME)";
				SWIFT_EMIT_LOC_STRINGS = YES;
				SWIFT_VERSION = 5.0;
				TARGETED_DEVICE_FAMILY = "1,2";
			};
			name = Release;
		};
/* End XCBuildConfiguration section */

/* Begin XCConfigurationList section */
		09107D8A28B018C30042FBB3 /* Build configuration list for PBXProject "Netflix Clone" */ = {
			isa = XCConfigurationList;
			buildConfigurations = (
				09107DA128B018C50042FBB3 /* Debug */,
				09107DA228B018C50042FBB3 /* Release */,
			);
			defaultConfigurationIsVisible = 0;
			defaultConfigurationName = Release;
		};
		09107DA328B018C50042FBB3 /* Build configuration list for PBXNativeTarget "Netflix Clone" */ = {
			isa = XCConfigurationList;
			buildConfigurations = (
				09107DA428B018C50042FBB3 /* Debug */,
				09107DA528B018C50042FBB3 /* Release */,
			);
			defaultConfigurationIsVisible = 0;
			defaultConfigurationName = Release;
		};
/* End XCConfigurationList section */
	};
	rootObject = 09107D8728B018C30042FBB3 /* Project object */;
}
